
Microsoft Visual Studio Solution File, Format Version 12.00
# Visual Studio Version 16
VisualStudioVersion = 16.0.30114.105
MinimumVisualStudioVersion = 10.0.40219.1
Project("{FAE04EC0-301F-11D3-BF4B-00C04F79EFBC}") = "API", "API\API.csproj", "{8C0B87C8-7988-4807-A327-E0E0BA9F2565}"
EndProject
Project("{FAE04EC0-301F-11D3-BF4B-00C04F79EFBC}") = "Application", "Application\Application.csproj", "{DA59EB9F-127D-4283-84FF-046C8098FFB3}"
EndProject
Project("{FAE04EC0-301F-11D3-BF4B-00C04F79EFBC}") = "Persistence", "Persistence\Persistence.csproj", "{C4C53034-A30D-479A-9753-89B67AC63BE5}"
EndProject
Project("{FAE04EC0-301F-11D3-BF4B-00C04F79EFBC}") = "Domain", "Domain\Domain.csproj", "{35E1F5AF-B33B-4089-944E-0F5D2EF6972D}"
EndProject
Global
	GlobalSection(SolutionConfigurationPlatforms) = preSolution
		Debug|Any CPU = Debug|Any CPU
		Release|Any CPU = Release|Any CPU
	EndGlobalSection
	GlobalSection(SolutionProperties) = preSolution
		HideSolutionNode = FALSE
	EndGlobalSection
	GlobalSection(ProjectConfigurationPlatforms) = postSolution
		{8C0B87C8-7988-4807-A327-E0E0BA9F2565}.Debug|Any CPU.ActiveCfg = Debug|Any CPU
		{8C0B87C8-7988-4807-A327-E0E0BA9F2565}.Debug|Any CPU.Build.0 = Debug|Any CPU
		{8C0B87C8-7988-4807-A327-E0E0BA9F2565}.Release|Any CPU.ActiveCfg = Release|Any CPU
		{8C0B87C8-7988-4807-A327-E0E0BA9F2565}.Release|Any CPU.Build.0 = Release|Any CPU
		{DA59EB9F-127D-4283-84FF-046C8098FFB3}.Debug|Any CPU.ActiveCfg = Debug|Any CPU
		{DA59EB9F-127D-4283-84FF-046C8098FFB3}.Debug|Any CPU.Build.0 = Debug|Any CPU
		{DA59EB9F-127D-4283-84FF-046C8098FFB3}.Release|Any CPU.ActiveCfg = Release|Any CPU
		{DA59EB9F-127D-4283-84FF-046C8098FFB3}.Release|Any CPU.Build.0 = Release|Any CPU
		{C4C53034-A30D-479A-9753-89B67AC63BE5}.Debug|Any CPU.ActiveCfg = Debug|Any CPU
		{C4C53034-A30D-479A-9753-89B67AC63BE5}.Debug|Any CPU.Build.0 = Debug|Any CPU
		{C4C53034-A30D-479A-9753-89B67AC63BE5}.Release|Any CPU.ActiveCfg = Release|Any CPU
		{C4C53034-A30D-479A-9753-89B67AC63BE5}.Release|Any CPU.Build.0 = Release|Any CPU
		{35E1F5AF-B33B-4089-944E-0F5D2EF6972D}.Debug|Any CPU.ActiveCfg = Debug|Any CPU
		{35E1F5AF-B33B-4089-944E-0F5D2EF6972D}.Debug|Any CPU.Build.0 = Debug|Any CPU
		{35E1F5AF-B33B-4089-944E-0F5D2EF6972D}.Release|Any CPU.ActiveCfg = Release|Any CPU
		{35E1F5AF-B33B-4089-944E-0F5D2EF6972D}.Release|Any CPU.Build.0 = Release|Any CPU
	EndGlobalSection
EndGlobal
